
Microsoft Visual Studio Solution File, Format Version 12.00
# Visual Studio 15
VisualStudioVersion = 15.0.27130.2027
MinimumVisualStudioVersion = 10.0.40219.1
Project("{FAE04EC0-301F-11D3-BF4B-00C04F79EFBC}") = "Phoneword.Android", "GApp\GApp.Android\Phoneword.Android.csproj", "{132E1F3D-32E7-47DB-9C8C-684C361BB634}"
EndProject
Project("{FAE04EC0-301F-11D3-BF4B-00C04F79EFBC}") = "Phoneword.iOS", "GApp\GApp.iOS\Phoneword.iOS.csproj", "{CAD018B8-92FF-4464-9882-E289008A9879}"
EndProject
Project("{FAE04EC0-301F-11D3-BF4B-00C04F79EFBC}") = "PhoneDialer", "GApp\GApp\PhoneDialer.csproj", "{3C60EEAB-7101-4DC1-B780-388AB7ADDC72}"
EndProject
Global
	GlobalSection(SolutionConfigurationPlatforms) = preSolution
		Ad-Hoc|Any CPU = Ad-Hoc|Any CPU
		Ad-Hoc|iPhone = Ad-Hoc|iPhone
		Ad-Hoc|iPhoneSimulator = Ad-Hoc|iPhoneSimulator
		AppStore|Any CPU = AppStore|Any CPU
		AppStore|iPhone = AppStore|iPhone
		AppStore|iPhoneSimulator = AppStore|iPhoneSimulator
		Debug|Any CPU = Debug|Any CPU
		Debug|iPhone = Debug|iPhone
		Debug|iPhoneSimulator = Debug|iPhoneSimulator
		Release|Any CPU = Release|Any CPU
		Release|iPhone = Release|iPhone
		Release|iPhoneSimulator = Release|iPhoneSimulator
	EndGlobalSection
	GlobalSection(ProjectConfigurationPlatforms) = postSolution
		{132E1F3D-32E7-47DB-9C8C-684C361BB634}.Ad-Hoc|Any CPU.ActiveCfg = Release|Any CPU
		{132E1F3D-32E7-47DB-9C8C-684C361BB634}.Ad-Hoc|Any CPU.Build.0 = Release|Any CPU
		{132E1F3D-32E7-47DB-9C8C-684C361BB634}.Ad-Hoc|Any CPU.Deploy.0 = Release|Any CPU
		{132E1F3D-32E7-47DB-9C8C-684C361BB634}.Ad-Hoc|iPhone.ActiveCfg = Release|Any CPU
		{132E1F3D-32E7-47DB-9C8C-684C361BB634}.Ad-Hoc|iPhone.Build.0 = Release|Any CPU
		{132E1F3D-32E7-47DB-9C8C-684C361BB634}.Ad-Hoc|iPhone.Deploy.0 = Release|Any CPU
		{132E1F3D-32E7-47DB-9C8C-684C361BB634}.Ad-Hoc|iPhoneSimulator.ActiveCfg = Release|Any CPU
		{132E1F3D-32E7-47DB-9C8C-684C361BB634}.Ad-Hoc|iPhoneSimulator.Build.0 = Release|Any CPU
		{132E1F3D-32E7-47DB-9C8C-684C361BB634}.Ad-Hoc|iPhoneSimulator.Deploy.0 = Release|Any CPU
		{132E1F3D-32E7-47DB-9C8C-684C361BB634}.AppStore|Any CPU.ActiveCfg = Release|Any CPU
		{132E1F3D-32E7-47DB-9C8C-684C361BB634}.AppStore|Any CPU.Build.0 = Release|Any CPU
		{132E1F3D-32E7-47DB-9C8C-684C361BB634}.AppStore|Any CPU.Deploy.0 = Release|Any CPU
		{132E1F3D-32E7-47DB-9C8C-684C361BB634}.AppStore|iPhone.ActiveCfg = Release|Any CPU
		{132E1F3D-32E7-47DB-9C8C-684C361BB634}.AppStore|iPhone.Build.0 = Release|Any CPU
		{132E1F3D-32E7-47DB-9C8C-684C361BB634}.AppStore|iPhone.Deploy.0 = Release|Any CPU
		{132E1F3D-32E7-47DB-9C8C-684C361BB634}.AppStore|iPhoneSimulator.ActiveCfg = Release|Any CPU
		{132E1F3D-32E7-47DB-9C8C-684C361BB634}.AppStore|iPhoneSimulator.Build.0 = Release|Any CPU
		{132E1F3D-32E7-47DB-9C8C-684C361BB634}.AppStore|iPhoneSimulator.Deploy.0 = Release|Any CPU
		{132E1F3D-32E7-47DB-9C8C-684C361BB634}.Debug|Any CPU.ActiveCfg = Debug|Any CPU
		{132E1F3D-32E7-47DB-9C8C-684C361BB634}.Debug|Any CPU.Build.0 = Debug|Any CPU
		{132E1F3D-32E7-47DB-9C8C-684C361BB634}.Debug|Any CPU.Deploy.0 = Debug|Any CPU
		{132E1F3D-32E7-47DB-9C8C-684C361BB634}.Debug|iPhone.ActiveCfg = Debug|Any CPU
		{132E1F3D-32E7-47DB-9C8C-684C361BB634}.Debug|iPhone.Build.0 = Debug|Any CPU
		{132E1F3D-32E7-47DB-9C8C-684C361BB634}.Debug|iPhone.Deploy.0 = Debug|Any CPU
		{132E1F3D-32E7-47DB-9C8C-684C361BB634}.Debug|iPhoneSimulator.ActiveCfg = Debug|Any CPU
		{132E1F3D-32E7-47DB-9C8C-684C361BB634}.Debug|iPhoneSimulator.Build.0 = Debug|Any CPU
		{132E1F3D-32E7-47DB-9C8C-684C361BB634}.Debug|iPhoneSimulator.Deploy.0 = Debug|Any CPU
		{132E1F3D-32E7-47DB-9C8C-684C361BB634}.Release|Any CPU.ActiveCfg = Release|Any CPU
		{132E1F3D-32E7-47DB-9C8C-684C361BB634}.Release|Any CPU.Build.0 = Release|Any CPU
		{132E1F3D-32E7-47DB-9C8C-684C361BB634}.Release|Any CPU.Deploy.0 = Release|Any CPU
		{132E1F3D-32E7-47DB-9C8C-684C361BB634}.Release|iPhone.ActiveCfg = Release|Any CPU
		{132E1F3D-32E7-47DB-9C8C-684C361BB634}.Release|iPhone.Build.0 = Release|Any CPU
		{132E1F3D-32E7-47DB-9C8C-684C361BB634}.Release|iPhone.Deploy.0 = Release|Any CPU
		{132E1F3D-32E7-47DB-9C8C-684C361BB634}.Release|iPhoneSimulator.ActiveCfg = Release|Any CPU
		{132E1F3D-32E7-47DB-9C8C-684C361BB634}.Release|iPhoneSimulator.Build.0 = Release|Any CPU
		{132E1F3D-32E7-47DB-9C8C-684C361BB634}.Release|iPhoneSimulator.Deploy.0 = Release|Any CPU
		{CAD018B8-92FF-4464-9882-E289008A9879}.Ad-Hoc|Any CPU.ActiveCfg = Ad-Hoc|iPhone
		{CAD018B8-92FF-4464-9882-E289008A9879}.Ad-Hoc|iPhone.ActiveCfg = Ad-Hoc|iPhone
		{CAD018B8-92FF-4464-9882-E289008A9879}.Ad-Hoc|iPhone.Build.0 = Ad-Hoc|iPhone
		{CAD018B8-92FF-4464-9882-E289008A9879}.Ad-Hoc|iPhoneSimulator.ActiveCfg = Ad-Hoc|iPhoneSimulator
		{CAD018B8-92FF-4464-9882-E289008A9879}.Ad-Hoc|iPhoneSimulator.Build.0 = Ad-Hoc|iPhoneSimulator
		{CAD018B8-92FF-4464-9882-E289008A9879}.AppStore|Any CPU.ActiveCfg = AppStore|iPhone
		{CAD018B8-92FF-4464-9882-E289008A9879}.AppStore|iPhone.ActiveCfg = AppStore|iPhone
		{CAD018B8-92FF-4464-9882-E289008A9879}.AppStore|iPhone.Build.0 = AppStore|iPhone
		{CAD018B8-92FF-4464-9882-E289008A9879}.AppStore|iPhoneSimulator.ActiveCfg = AppStore|iPhoneSimulator
		{CAD018B8-92FF-4464-9882-E289008A9879}.AppStore|iPhoneSimulator.Build.0 = AppStore|iPhoneSimulator
		{CAD018B8-92FF-4464-9882-E289008A9879}.Debug|Any CPU.ActiveCfg = Debug|iPhone
		{CAD018B8-92FF-4464-9882-E289008A9879}.Debug|iPhone.ActiveCfg = Debug|iPhone
		{CAD018B8-92FF-4464-9882-E289008A9879}.Debug|iPhone.Build.0 = Debug|iPhone
		{CAD018B8-92FF-4464-9882-E289008A9879}.Debug|iPhoneSimulator.ActiveCfg = Debug|iPhoneSimulator
		{CAD018B8-92FF-4464-9882-E289008A9879}.Debug|iPhoneSimulator.Build.0 = Debug|iPhoneSimulator
		{CAD018B8-92FF-4464-9882-E289008A9879}.Release|Any CPU.ActiveCfg = Release|iPhone
		{CAD018B8-92FF-4464-9882-E289008A9879}.Release|iPhone.ActiveCfg = Release|iPhone
		{CAD018B8-92FF-4464-9882-E289008A9879}.Release|iPhone.Build.0 = Release|iPhone
		{CAD018B8-92FF-4464-9882-E289008A9879}.Release|iPhoneSimulator.ActiveCfg = Release|iPhoneSimulator
		{CAD018B8-92FF-4464-9882-E289008A9879}.Release|iPhoneSimulator.Build.0 = Release|iPhoneSimulator
		{3C60EEAB-7101-4DC1-B780-388AB7ADDC72}.Ad-Hoc|Any CPU.ActiveCfg = Debug|Any CPU
		{3C60EEAB-7101-4DC1-B780-388AB7ADDC72}.Ad-Hoc|Any CPU.Build.0 = Debug|Any CPU
		{3C60EEAB-7101-4DC1-B780-388AB7ADDC72}.Ad-Hoc|iPhone.ActiveCfg = Debug|Any CPU
		{3C60EEAB-7101-4DC1-B780-388AB7ADDC72}.Ad-Hoc|iPhone.Build.0 = Debug|Any CPU
		{3C60EEAB-7101-4DC1-B780-388AB7ADDC72}.Ad-Hoc|iPhoneSimulator.ActiveCfg = Debug|Any CPU
		{3C60EEAB-7101-4DC1-B780-388AB7ADDC72}.Ad-Hoc|iPhoneSimulator.Build.0 = Debug|Any CPU
		{3C60EEAB-7101-4DC1-B780-388AB7ADDC72}.AppStore|Any CPU.ActiveCfg = Debug|Any CPU
		{3C60EEAB-7101-4DC1-B780-388AB7ADDC72}.AppStore|Any CPU.Build.0 = Debug|Any CPU
		{3C60EEAB-7101-4DC1-B780-388AB7ADDC72}.AppStore|iPhone.ActiveCfg = Debug|Any CPU
		{3C60EEAB-7101-4DC1-B780-388AB7ADDC72}.AppStore|iPhone.Build.0 = Debug|Any CPU
		{3C60EEAB-7101-4DC1-B780-388AB7ADDC72}.AppStore|iPhoneSimulator.ActiveCfg = Debug|Any CPU
		{3C60EEAB-7101-4DC1-B780-388AB7ADDC72}.AppStore|iPhoneSimulator.Build.0 = Debug|Any CPU
		{3C60EEAB-7101-4DC1-B780-388AB7ADDC72}.Debug|Any CPU.ActiveCfg = Debug|Any CPU
		{3C60EEAB-7101-4DC1-B780-388AB7ADDC72}.Debug|Any CPU.Build.0 = Debug|Any CPU
		{3C60EEAB-7101-4DC1-B780-388AB7ADDC72}.Debug|iPhone.ActiveCfg = Debug|Any CPU
		{3C60EEAB-7101-4DC1-B780-388AB7ADDC72}.Debug|iPhone.Build.0 = Debug|Any CPU
		{3C60EEAB-7101-4DC1-B780-388AB7ADDC72}.Debug|iPhoneSimulator.ActiveCfg = Debug|Any CPU
		{3C60EEAB-7101-4DC1-B780-388AB7ADDC72}.Debug|iPhoneSimulator.Build.0 = Debug|Any CPU
		{3C60EEAB-7101-4DC1-B780-388AB7ADDC72}.Release|Any CPU.ActiveCfg = Release|Any CPU
		{3C60EEAB-7101-4DC1-B780-388AB7ADDC72}.Release|Any CPU.Build.0 = Release|Any CPU
		{3C60EEAB-7101-4DC1-B780-388AB7ADDC72}.Release|iPhone.ActiveCfg = Release|Any CPU
		{3C60EEAB-7101-4DC1-B780-388AB7ADDC72}.Release|iPhone.Build.0 = Release|Any CPU
		{3C60EEAB-7101-4DC1-B780-388AB7ADDC72}.Release|iPhoneSimulator.ActiveCfg = Release|Any CPU
		{3C60EEAB-7101-4DC1-B780-388AB7ADDC72}.Release|iPhoneSimulator.Build.0 = Release|Any CPU
	EndGlobalSection
	GlobalSection(SolutionProperties) = preSolution
		HideSolutionNode = FALSE
	EndGlobalSection
	GlobalSection(ExtensibilityGlobals) = postSolution
		SolutionGuid = {17887E9A-29EA-402B-A3EF-8EB278C4FA95}
	EndGlobalSection
EndGlobal
